# This file is @generated by PDM.
# It is not intended for manual editing.

[metadata]
groups = ["default"]
cross_platform = true
static_urls = false
lock_version = "4.3"
content_hash = "sha256:cb3cd3ae07a4754f9911cfbfbed0122d8274083440e98f2b06087bcef70611fc"

[[package]]
name = "arclet-alconna"
version = "1.7.14"
requires_python = ">=3.8"
summary = "A High-performance, Generality, Humane Command Line Arguments Parser Library."
dependencies = [
    "nepattern<0.6.0,>=0.5.8",
    "tarina>=0.3.3",
    "typing-extensions>=4.5.0",
]
files = [
    {file = "arclet_alconna-1.7.14-py3-none-any.whl", hash = "sha256:439558389a6411fd7bf3de428b084cdb0f3ce9ea8ba60cccce57687356f18f47"},
    {file = "arclet_alconna-1.7.14.tar.gz", hash = "sha256:14b39f6714f0f50851a4ceb2443b79db4f1331b9025aec179d23384e0de75296"},
]

[[package]]
name = "arclet-alconna-tools"
version = "0.6.3"
requires_python = ">=3.8"
summary = "Builtin Tools for Alconna"
dependencies = [
    "arclet-alconna>=1.7.10",
    "nepattern<0.6.0,>=0.5.8",
]
files = [
    {file = "arclet-alconna-tools-0.6.3.tar.gz", hash = "sha256:efb8944a720e648f5dd91001a61466dd1f2ca2aac272c8fa61cfbad9c5b10f17"},
    {file = "arclet_alconna_tools-0.6.3-py3-none-any.whl", hash = "sha256:7462fec995c0644186c23473dd6b57af6dde2af4a7fdd8f2ecfe4c842039a355"},
]

[[package]]
name = "colorama"
version = "0.4.6"
requires_python = "!=3.0.*,!=3.1.*,!=3.2.*,!=3.3.*,!=3.4.*,!=3.5.*,!=3.6.*,>=2.7"
summary = "Cross-platform colored terminal text."
files = [
    {file = "colorama-0.4.6-py2.py3-none-any.whl", hash = "sha256:4f1d9991f5acc0ca119f9d443620b77f9d6b33703e51011c16baf57afb285fc6"},
    {file = "colorama-0.4.6.tar.gz", hash = "sha256:08695f5cb7ed6e0531a20572697297273c47b8cae5a63ffc6d6ed5c201be6e44"},
]

[[package]]
name = "creart"
version = "0.2.2"
requires_python = ">=3.8"
summary = "a universal, extensible class instantiation helper"
dependencies = [
    "importlib-metadata>=3.6",
]
files = [
    {file = "creart-0.2.2-py3-none-any.whl", hash = "sha256:8089a91c44022962e76bed4fcf19be1bc27c363268f6a4a6d52ef85b23aa6bc2"},
    {file = "creart-0.2.2.tar.gz", hash = "sha256:8a3147da66e385deabba2b5efad0852ab00b8464e2d4963031a741315108dc37"},
]

[[package]]
name = "creart-graia"
version = "0.1.5"
requires_python = ">=3.8"
summary = ""
dependencies = [
    "creart>=0.1.0",
]
files = [
    {file = "creart-graia-0.1.5.tar.gz", hash = "sha256:9adb93fec504c959c71379589f38a2ad599eccb2c7112788663a9fb37d4b5d49"},
    {file = "creart_graia-0.1.5-py3-none-any.whl", hash = "sha256:9c4c9423d250398afb6ba9ea361551b071e47af7fbc547c09c5c9ec8ebe92ddf"},
]

[[package]]
name = "graia-amnesia"
version = "0.7.1"
requires_python = ">=3.8,<4.0"
summary = "a collection of shared components for graia"
dependencies = [
    "launart<1.0.0,>=0.6.0",
    "loguru<1.0.0,>=0.6.0",
    "statv>=0.2.2",
    "typing-extensions>=4.0.0",
    "yarl<2.0.0,>=1.7.2",
]
files = [
    {file = "graia-amnesia-0.7.1.tar.gz", hash = "sha256:d93efde0a36b6c4463401d9f142d03e49d14d37b5d005161cf3468136aba931d"},
    {file = "graia_amnesia-0.7.1-py3-none-any.whl", hash = "sha256:7292c43d3caa9884bf60e827d1fd2190b076b00210a4881a907d63ba2e5bfa6d"},
]

[[package]]
name = "graia-broadcast"
version = "0.20.0"
requires_python = ">=3.7,<4.0"
summary = "a highly customizable, elegantly designed event system based on asyncio"
files = [
    {file = "graia-broadcast-0.20.0.tar.gz", hash = "sha256:ea6fc4d9ec728646856bc731daf81ea8e6497951ceed986a6b457903e5e8dc7c"},
    {file = "graia_broadcast-0.20.0-py3-none-any.whl", hash = "sha256:735d37fc869398f0326b61eb04a6eae901bbc53279fadc2163c9e75156420032"},
]

[[package]]
name = "graia-saya"
version = "0.0.17"
requires_python = ">=3.7,<4.0"
summary = ""
dependencies = [
    "loguru<0.7,>=0.5.3",
]
files = [
    {file = "graia_saya-0.0.17-py3-none-any.whl", hash = "sha256:d286edd2cc5955c588bb515bdaeadda5fbbf6a60341e0db79772a3181b393e8a"},
    {file = "graia_saya-0.0.17.tar.gz", hash = "sha256:3d093b9a63733483b57ae677e9e70dfd2b7a12931ca554625cdaf04a34e4f3b2"},
]

[[package]]
name = "idna"
version = "3.4"
requires_python = ">=3.5"
summary = "Internationalized Domain Names in Applications (IDNA)"
files = [
    {file = "idna-3.4-py3-none-any.whl", hash = "sha256:90b77e79eaa3eba6de819a0c442c0b4ceefc341a7a2ab77d7562bf49f425c5c2"},
    {file = "idna-3.4.tar.gz", hash = "sha256:814f528e8dead7d329833b91c5faa87d60bf71824cd12a7530b5526063d02cb4"},
]

[[package]]
name = "importlib-metadata"
version = "6.0.0"
requires_python = ">=3.7"
summary = "Read metadata from Python packages"
dependencies = [
    "zipp>=0.5",
]
files = [
    {file = "importlib_metadata-6.0.0-py3-none-any.whl", hash = "sha256:7efb448ec9a5e313a57655d35aa54cd3e01b7e1fbcf72dce1bf06119420f5bad"},
    {file = "importlib_metadata-6.0.0.tar.gz", hash = "sha256:e354bedeb60efa6affdcc8ae121b73544a7aa74156d047311948f6d711cd378d"},
]

[[package]]
name = "launart"
version = "0.6.3"
requires_python = ">=3.8"
summary = "Component lifetime manager for runtime."
dependencies = [
    "loguru>=0.6.0",
    "statv>=0.2.2",
]
files = [
    {file = "launart-0.6.3-py3-none-any.whl", hash = "sha256:b258c0de2a3b08e5a189f70bb09c10c0635cd412738272756583d95ea26050ca"},
    {file = "launart-0.6.3.tar.gz", hash = "sha256:9d5a885911ebf0d862bbf2e077ec27825488a431116d8525f76adb5f26da2d59"},
]

[[package]]
name = "loguru"
version = "0.6.0"
requires_python = ">=3.5"
summary = "Python logging made (stupidly) simple"
dependencies = [
    "colorama>=0.3.4; sys_platform == \"win32\"",
    "win32-setctime>=1.0.0; sys_platform == \"win32\"",
]
files = [
    {file = "loguru-0.6.0-py3-none-any.whl", hash = "sha256:4e2414d534a2ab57573365b3e6d0234dfb1d84b68b7f3b948e6fb743860a77c3"},
    {file = "loguru-0.6.0.tar.gz", hash = "sha256:066bd06758d0a513e9836fd9c6b5a75bfb3fd36841f4b996bc60b547a309d41c"},
]

[[package]]
name = "multidict"
version = "6.0.4"
requires_python = ">=3.7"
summary = "multidict implementation"
files = [
    {file = "multidict-6.0.4-cp310-cp310-macosx_10_9_universal2.whl", hash = "sha256:0b1a97283e0c85772d613878028fec909f003993e1007eafa715b24b377cb9b8"},
    {file = "multidict-6.0.4-cp310-cp310-macosx_10_9_x86_64.whl", hash = "sha256:eeb6dcc05e911516ae3d1f207d4b0520d07f54484c49dfc294d6e7d63b734171"},
    {file = "multidict-6.0.4-cp310-cp310-macosx_11_0_arm64.whl", hash = "sha256:d6d635d5209b82a3492508cf5b365f3446afb65ae7ebd755e70e18f287b0adf7"},
    {file = "multidict-6.0.4-cp310-cp310-manylinux_2_17_aarch64.manylinux2014_aarch64.whl", hash = "sha256:c048099e4c9e9d615545e2001d3d8a4380bd403e1a0578734e0d31703d1b0c0b"},
    {file = "multidict-6.0.4-cp310-cp310-manylinux_2_17_ppc64le.manylinux2014_ppc64le.whl", hash = "sha256:ea20853c6dbbb53ed34cb4d080382169b6f4554d394015f1bef35e881bf83547"},
    {file = "multidict-6.0.4-cp310-cp310-manylinux_2_17_s390x.manylinux2014_s390x.whl", hash = "sha256:16d232d4e5396c2efbbf4f6d4df89bfa905eb0d4dc5b3549d872ab898451f569"},
    {file = "multidict-6.0.4-cp310-cp310-manylinux_2_17_x86_64.manylinux2014_x86_64.whl", hash = "sha256:36c63aaa167f6c6b04ef2c85704e93af16c11d20de1d133e39de6a0e84582a93"},
    {file = "multidict-6.0.4-cp310-cp310-manylinux_2_5_i686.manylinux1_i686.manylinux_2_17_i686.manylinux2014_i686.whl", hash = "sha256:64bdf1086b6043bf519869678f5f2757f473dee970d7abf6da91ec00acb9cb98"},
    {file = "multidict-6.0.4-cp310-cp310-musllinux_1_1_aarch64.whl", hash = "sha256:43644e38f42e3af682690876cff722d301ac585c5b9e1eacc013b7a3f7b696a0"},
    {file = "multidict-6.0.4-cp310-cp310-musllinux_1_1_i686.whl", hash = "sha256:7582a1d1030e15422262de9f58711774e02fa80df0d1578995c76214f6954988"},
    {file = "multidict-6.0.4-cp310-cp310-musllinux_1_1_ppc64le.whl", hash = "sha256:ddff9c4e225a63a5afab9dd15590432c22e8057e1a9a13d28ed128ecf047bbdc"},
    {file = "multidict-6.0.4-cp310-cp310-musllinux_1_1_s390x.whl", hash = "sha256:ee2a1ece51b9b9e7752e742cfb661d2a29e7bcdba2d27e66e28a99f1890e4fa0"},
    {file = "multidict-6.0.4-cp310-cp310-musllinux_1_1_x86_64.whl", hash = "sha256:a2e4369eb3d47d2034032a26c7a80fcb21a2cb22e1173d761a162f11e562caa5"},
    {file = "multidict-6.0.4-cp310-cp310-win32.whl", hash = "sha256:574b7eae1ab267e5f8285f0fe881f17efe4b98c39a40858247720935b893bba8"},
    {file = "multidict-6.0.4-cp310-cp310-win_amd64.whl", hash = "sha256:4dcbb0906e38440fa3e325df2359ac6cb043df8e58c965bb45f4e406ecb162cc"},
    {file = "multidict-6.0.4-cp311-cp311-macosx_10_9_universal2.whl", hash = "sha256:0dfad7a5a1e39c53ed00d2dd0c2e36aed4650936dc18fd9a1826a5ae1cad6f03"},
    {file = "multidict-6.0.4-cp311-cp311-macosx_10_9_x86_64.whl", hash = "sha256:64da238a09d6039e3bd39bb3aee9c21a5e34f28bfa5aa22518581f910ff94af3"},
    {file = "multidict-6.0.4-cp311-cp311-macosx_11_0_arm64.whl", hash = "sha256:ff959bee35038c4624250473988b24f846cbeb2c6639de3602c073f10410ceba"},
    {file = "multidict-6.0.4-cp311-cp311-manylinux_2_17_aarch64.manylinux2014_aarch64.whl", hash = "sha256:01a3a55bd90018c9c080fbb0b9f4891db37d148a0a18722b42f94694f8b6d4c9"},
    {file = "multidict-6.0.4-cp311-cp311-manylinux_2_17_ppc64le.manylinux2014_ppc64le.whl", hash = "sha256:c5cb09abb18c1ea940fb99360ea0396f34d46566f157122c92dfa069d3e0e982"},
    {file = "multidict-6.0.4-cp311-cp311-manylinux_2_17_s390x.manylinux2014_s390x.whl", hash = "sha256:666daae833559deb2d609afa4490b85830ab0dfca811a98b70a205621a6109fe"},
    {file = "multidict-6.0.4-cp311-cp311-manylinux_2_17_x86_64.manylinux2014_x86_64.whl", hash = "sha256:11bdf3f5e1518b24530b8241529d2050014c884cf18b6fc69c0c2b30ca248710"},
    {file = "multidict-6.0.4-cp311-cp311-manylinux_2_5_i686.manylinux1_i686.manylinux_2_17_i686.manylinux2014_i686.whl", hash = "sha256:7d18748f2d30f94f498e852c67d61261c643b349b9d2a581131725595c45ec6c"},
    {file = "multidict-6.0.4-cp311-cp311-musllinux_1_1_aarch64.whl", hash = "sha256:458f37be2d9e4c95e2d8866a851663cbc76e865b78395090786f6cd9b3bbf4f4"},
    {file = "multidict-6.0.4-cp311-cp311-musllinux_1_1_i686.whl", hash = "sha256:b1a2eeedcead3a41694130495593a559a668f382eee0727352b9a41e1c45759a"},
    {file = "multidict-6.0.4-cp311-cp311-musllinux_1_1_ppc64le.whl", hash = "sha256:7d6ae9d593ef8641544d6263c7fa6408cc90370c8cb2bbb65f8d43e5b0351d9c"},
    {file = "multidict-6.0.4-cp311-cp311-musllinux_1_1_s390x.whl", hash = "sha256:5979b5632c3e3534e42ca6ff856bb24b2e3071b37861c2c727ce220d80eee9ed"},
    {file = "multidict-6.0.4-cp311-cp311-musllinux_1_1_x86_64.whl", hash = "sha256:dcfe792765fab89c365123c81046ad4103fcabbc4f56d1c1997e6715e8015461"},
    {file = "multidict-6.0.4-cp311-cp311-win32.whl", hash = "sha256:3601a3cece3819534b11d4efc1eb76047488fddd0c85a3948099d5da4d504636"},
    {file = "multidict-6.0.4-cp311-cp311-win_amd64.whl", hash = "sha256:81a4f0b34bd92df3da93315c6a59034df95866014ac08535fc819f043bfd51f0"},
    {file = "multidict-6.0.4-cp39-cp39-macosx_10_9_universal2.whl", hash = "sha256:16ab77bbeb596e14212e7bab8429f24c1579234a3a462105cda4a66904998664"},
    {file = "multidict-6.0.4-cp39-cp39-macosx_10_9_x86_64.whl", hash = "sha256:bc779e9e6f7fda81b3f9aa58e3a6091d49ad528b11ed19f6621408806204ad35"},
    {file = "multidict-6.0.4-cp39-cp39-macosx_11_0_arm64.whl", hash = "sha256:4ceef517eca3e03c1cceb22030a3e39cb399ac86bff4e426d4fc6ae49052cc60"},
    {file = "multidict-6.0.4-cp39-cp39-manylinux_2_17_aarch64.manylinux2014_aarch64.whl", hash = "sha256:281af09f488903fde97923c7744bb001a9b23b039a909460d0f14edc7bf59706"},
    {file = "multidict-6.0.4-cp39-cp39-manylinux_2_17_ppc64le.manylinux2014_ppc64le.whl", hash = "sha256:52f2dffc8acaba9a2f27174c41c9e57f60b907bb9f096b36b1a1f3be71c6284d"},
    {file = "multidict-6.0.4-cp39-cp39-manylinux_2_17_s390x.manylinux2014_s390x.whl", hash = "sha256:b41156839806aecb3641f3208c0dafd3ac7775b9c4c422d82ee2a45c34ba81ca"},
    {file = "multidict-6.0.4-cp39-cp39-manylinux_2_17_x86_64.manylinux2014_x86_64.whl", hash = "sha256:d5e3fc56f88cc98ef8139255cf8cd63eb2c586531e43310ff859d6bb3a6b51f1"},
    {file = "multidict-6.0.4-cp39-cp39-manylinux_2_5_i686.manylinux1_i686.manylinux_2_17_i686.manylinux2014_i686.whl", hash = "sha256:8316a77808c501004802f9beebde51c9f857054a0c871bd6da8280e718444449"},
    {file = "multidict-6.0.4-cp39-cp39-musllinux_1_1_aarch64.whl", hash = "sha256:f70b98cd94886b49d91170ef23ec5c0e8ebb6f242d734ed7ed677b24d50c82cf"},
    {file = "multidict-6.0.4-cp39-cp39-musllinux_1_1_i686.whl", hash = "sha256:bf6774e60d67a9efe02b3616fee22441d86fab4c6d335f9d2051d19d90a40063"},
    {file = "multidict-6.0.4-cp39-cp39-musllinux_1_1_ppc64le.whl", hash = "sha256:e69924bfcdda39b722ef4d9aa762b2dd38e4632b3641b1d9a57ca9cd18f2f83a"},
    {file = "multidict-6.0.4-cp39-cp39-musllinux_1_1_s390x.whl", hash = "sha256:6b181d8c23da913d4ff585afd1155a0e1194c0b50c54fcfe286f70cdaf2b7176"},
    {file = "multidict-6.0.4-cp39-cp39-musllinux_1_1_x86_64.whl", hash = "sha256:52509b5be062d9eafc8170e53026fbc54cf3b32759a23d07fd935fb04fc22d95"},
    {file = "multidict-6.0.4-cp39-cp39-win32.whl", hash = "sha256:27c523fbfbdfd19c6867af7346332b62b586eed663887392cff78d614f9ec313"},
    {file = "multidict-6.0.4-cp39-cp39-win_amd64.whl", hash = "sha256:33029f5734336aa0d4c0384525da0387ef89148dc7191aae00ca5fb23d7aafc2"},
    {file = "multidict-6.0.4.tar.gz", hash = "sha256:3666906492efb76453c0e7b97f2cf459b0682e7402c0489a95484965dbc1da49"},
]

[[package]]
name = "nepattern"
version = "0.5.10"
requires_python = ">=3.8"
summary = "a complex pattern, support typing"
dependencies = [
    "tarina>=0.3.3",
    "typing-extensions>=4.5.0",
]
files = [
    {file = "nepattern-0.5.10-py3-none-any.whl", hash = "sha256:cfeae4906ed94ed4a5198da102b0f730a1c61793f7d0bfd0e63ca9dbd325e9d6"},
    {file = "nepattern-0.5.10.tar.gz", hash = "sha256:70648453e94aee75575e4e4ee13ba876d11ac20d8a80fe5eb7dc7e43573e0918"},
]

[[package]]
name = "statv"
version = "0.3.2"
requires_python = ">=3.8"
summary = "a uniform status implementation for graia project"
files = [
    {file = "statv-0.3.2-py3-none-any.whl", hash = "sha256:32e430b21ab6a62695c67ab6cae3dba6e01e9c3fdbc9344e3236ad7a1f51d0c7"},
    {file = "statv-0.3.2.tar.gz", hash = "sha256:fb4df2a37bf7a792e36a6e657c74cbdef9e2cdb8de3a0762b28b35c9e13f0fdd"},
]

[[package]]
name = "tarina"
version = "0.3.3"
requires_python = ">=3.8"
summary = "A collection of common utils for Arclet"
dependencies = [
    "typing-extensions>=4.4.0",
]
files = [
    {file = "tarina-0.3.3-cp310-cp310-macosx_10_9_universal2.whl", hash = "sha256:de2429a632f31b09bdb2d5f668311d7de4882f1ac3ebc5022decf647f900af5a"},
    {file = "tarina-0.3.3-cp310-cp310-macosx_10_9_x86_64.whl", hash = "sha256:f56b904a451e287e6251c1312be628afddf670bfa87841b5b1c32d324a1c7c43"},
    {file = "tarina-0.3.3-cp310-cp310-macosx_11_0_arm64.whl", hash = "sha256:2c643c1e384e206af3ba2eb7142f6b3680d51d0b51e01a61bbf1f3350040c791"},
    {file = "tarina-0.3.3-cp310-cp310-manylinux_2_5_i686.manylinux1_i686.manylinux_2_17_i686.manylinux2014_i686.whl", hash = "sha256:ae87c40c09a62b0898267fb4cbeaece3ca2d7bd8cd2f50c8ecb19583cca3fa64"},
    {file = "tarina-0.3.3-cp310-cp310-manylinux_2_5_x86_64.manylinux1_x86_64.manylinux_2_17_x86_64.manylinux2014_x86_64.whl", hash = "sha256:201e31c7b694132ce67662f63142b33e45835223a753fd5f4d301da5ac021b5e"},
    {file = "tarina-0.3.3-cp310-cp310-musllinux_1_1_i686.whl", hash = "sha256:9b9a99acff1e6391c593f449ae76848471d34688f04eecf7d3ba0725157563c7"},
    {file = "tarina-0.3.3-cp310-cp310-musllinux_1_1_x86_64.whl", hash = "sha256:3c4cec6381869116c7a8f7d9b0cb7433967f5b324faa9fc2e4784fdb9bab79f8"},
    {file = "tarina-0.3.3-cp310-cp310-win32.whl", hash = "sha256:ca4b1978614dbb5f30c4378be1ad4f4aa6fb227cdf32740964ee9760d6a8e3a9"},
    {file = "tarina-0.3.3-cp310-cp310-win_amd64.whl", hash = "sha256:efa6e1ab03c1948e3efd4645b8960dd312407e029462726a9e77822261a6be3d"},
    {file = "tarina-0.3.3-cp311-cp311-macosx_10_9_universal2.whl", hash = "sha256:e1d28e974fe5915dde245019430f248ddbdd91e8df1dec53306448cc24f4d9a8"},
    {file = "tarina-0.3.3-cp311-cp311-macosx_10_9_x86_64.whl", hash = "sha256:a14079252a54501285956f1e96004477af8b9ae64a575f561b99bfa778c01707"},
    {file = "tarina-0.3.3-cp311-cp311-macosx_11_0_arm64.whl", hash = "sha256:4dcc7112b927a023a635528566b62beb7a99f72f2b9e88fde29fafb61136a579"},
    {file = "tarina-0.3.3-cp311-cp311-manylinux_2_5_i686.manylinux1_i686.manylinux_2_17_i686.manylinux2014_i686.whl", hash = "sha256:7546e4cefadcc5f163611b0af8af2391b711c337d7a0d32a3977ec0bf3e8c87d"},
    {file = "tarina-0.3.3-cp311-cp311-manylinux_2_5_x86_64.manylinux1_x86_64.manylinux_2_17_x86_64.manylinux2014_x86_64.whl", hash = "sha256:aa2897e7cad66be833c2e392181ecff33e59038bf85cf18000c3e48c2ee85fde"},
    {file = "tarina-0.3.3-cp311-cp311-musllinux_1_1_i686.whl", hash = "sha256:fbcaa4a6c57528ed23199f778445d20215cc2421c1d494dedbe671164bd29dc5"},
    {file = "tarina-0.3.3-cp311-cp311-musllinux_1_1_x86_64.whl", hash = "sha256:6471aef032461a6917a24af1fb9952bfb5c9bbe26999ea87455bf43157687097"},
    {file = "tarina-0.3.3-cp311-cp311-win32.whl", hash = "sha256:87da7c87f448180712c02f6345c686742d9e755d58bb32f70c1bf680e1ae0684"},
    {file = "tarina-0.3.3-cp311-cp311-win_amd64.whl", hash = "sha256:730a8fc6dc71adf09197a73ef1e39978e5fe7ec3b7be9a5060905fe48baf27ec"},
    {file = "tarina-0.3.3-cp39-cp39-macosx_10_9_universal2.whl", hash = "sha256:5195c7f9fa2313bdf422c24b8ed0b8d9549c4e46afc0c96eeaefdf1d2caa30e9"},
    {file = "tarina-0.3.3-cp39-cp39-macosx_10_9_x86_64.whl", hash = "sha256:788001d26cb84a752df569aef900387ac4d9b2273b38b9ed26f6d56b4644aa06"},
    {file = "tarina-0.3.3-cp39-cp39-macosx_11_0_arm64.whl", hash = "sha256:ccb1090fccd3dea3596bdea5ac80b7379663741dd5023b97840dca968f4081bd"},
    {file = "tarina-0.3.3-cp39-cp39-manylinux_2_5_i686.manylinux1_i686.manylinux_2_17_i686.manylinux2014_i686.whl", hash = "sha256:c5e2e0f5a3760823b23cc3fe49d01c0a75d482560c60934764e2142d187e553b"},
    {file = "tarina-0.3.3-cp39-cp39-manylinux_2_5_x86_64.manylinux1_x86_64.manylinux_2_17_x86_64.manylinux2014_x86_64.whl", hash = "sha256:dd778f324c512403afa3973661c480d6529a403435d205ee7bf7fc586894f4c1"},
    {file = "tarina-0.3.3-cp39-cp39-musllinux_1_1_i686.whl", hash = "sha256:1f78d6f75da0d34061ade10d0e1aeec3018a4d36836568085a4eb79fef65bb7e"},
    {file = "tarina-0.3.3-cp39-cp39-musllinux_1_1_x86_64.whl", hash = "sha256:3efce03c7a46118afd009dc56169030dc8b698f6da20fce25cd0139530525d80"},
    {file = "tarina-0.3.3-cp39-cp39-win32.whl", hash = "sha256:f6b7fc1799a70cc14548086602a2343562de722c490649c4bf2e74eb7c542c04"},
    {file = "tarina-0.3.3-cp39-cp39-win_amd64.whl", hash = "sha256:9f8a0a505a9b226d1d45483fac105c55407c13a95449e15562601128dc2359d1"},
    {file = "tarina-0.3.3-py3-none-any.whl", hash = "sha256:0547c75e3e53ca202c420e6d829d5bcf5758e478fc5964b92f9de2f838cfb12a"},
    {file = "tarina-0.3.3.tar.gz", hash = "sha256:ac9faf7569021cfa137a9cee1be5185bae9ff4e4e6a5b93c66abdf056d1e04fa"},
]

[[package]]
name = "typing-extensions"
version = "4.7.1"
requires_python = ">=3.7"
summary = "Backported and Experimental Type Hints for Python 3.7+"
files = [
    {file = "typing_extensions-4.7.1-py3-none-any.whl", hash = "sha256:440d5dd3af93b060174bf433bccd69b0babc3b15b1a8dca43789fd7f61514b36"},
    {file = "typing_extensions-4.7.1.tar.gz", hash = "sha256:b75ddc264f0ba5615db7ba217daeb99701ad295353c45f9e95963337ceeeffb2"},
]

[[package]]
name = "win32-setctime"
version = "1.1.0"
requires_python = ">=3.5"
summary = "A small Python utility to set file creation time on Windows"
files = [
    {file = "win32_setctime-1.1.0-py3-none-any.whl", hash = "sha256:231db239e959c2fe7eb1d7dc129f11172354f98361c4fa2d6d2d7e278baa8aad"},
    {file = "win32_setctime-1.1.0.tar.gz", hash = "sha256:15cf5750465118d6929ae4de4eb46e8edae9a5634350c01ba582df868e932cb2"},
]

[[package]]
name = "yarl"
version = "1.8.2"
requires_python = ">=3.7"
summary = "Yet another URL library"
dependencies = [
    "idna>=2.0",
    "multidict>=4.0",
]
files = [
    {file = "yarl-1.8.2-cp310-cp310-macosx_10_9_universal2.whl", hash = "sha256:bb81f753c815f6b8e2ddd2eef3c855cf7da193b82396ac013c661aaa6cc6b0a5"},
    {file = "yarl-1.8.2-cp310-cp310-macosx_10_9_x86_64.whl", hash = "sha256:47d49ac96156f0928f002e2424299b2c91d9db73e08c4cd6742923a086f1c863"},
    {file = "yarl-1.8.2-cp310-cp310-macosx_11_0_arm64.whl", hash = "sha256:3fc056e35fa6fba63248d93ff6e672c096f95f7836938241ebc8260e062832fe"},
    {file = "yarl-1.8.2-cp310-cp310-manylinux_2_17_aarch64.manylinux2014_aarch64.whl", hash = "sha256:58a3c13d1c3005dbbac5c9f0d3210b60220a65a999b1833aa46bd6677c69b08e"},
    {file = "yarl-1.8.2-cp310-cp310-manylinux_2_17_ppc64le.manylinux2014_ppc64le.whl", hash = "sha256:10b08293cda921157f1e7c2790999d903b3fd28cd5c208cf8826b3b508026996"},
    {file = "yarl-1.8.2-cp310-cp310-manylinux_2_17_s390x.manylinux2014_s390x.whl", hash = "sha256:de986979bbd87272fe557e0a8fcb66fd40ae2ddfe28a8b1ce4eae22681728fef"},
    {file = "yarl-1.8.2-cp310-cp310-manylinux_2_17_x86_64.manylinux2014_x86_64.whl", hash = "sha256:6c4fcfa71e2c6a3cb568cf81aadc12768b9995323186a10827beccf5fa23d4f8"},
    {file = "yarl-1.8.2-cp310-cp310-manylinux_2_5_i686.manylinux1_i686.manylinux_2_17_i686.manylinux2014_i686.whl", hash = "sha256:ae4d7ff1049f36accde9e1ef7301912a751e5bae0a9d142459646114c70ecba6"},
    {file = "yarl-1.8.2-cp310-cp310-musllinux_1_1_aarch64.whl", hash = "sha256:bf071f797aec5b96abfc735ab97da9fd8f8768b43ce2abd85356a3127909d146"},
    {file = "yarl-1.8.2-cp310-cp310-musllinux_1_1_i686.whl", hash = "sha256:74dece2bfc60f0f70907c34b857ee98f2c6dd0f75185db133770cd67300d505f"},
    {file = "yarl-1.8.2-cp310-cp310-musllinux_1_1_ppc64le.whl", hash = "sha256:df60a94d332158b444301c7f569659c926168e4d4aad2cfbf4bce0e8fb8be826"},
    {file = "yarl-1.8.2-cp310-cp310-musllinux_1_1_s390x.whl", hash = "sha256:63243b21c6e28ec2375f932a10ce7eda65139b5b854c0f6b82ed945ba526bff3"},
    {file = "yarl-1.8.2-cp310-cp310-musllinux_1_1_x86_64.whl", hash = "sha256:cfa2bbca929aa742b5084fd4663dd4b87c191c844326fcb21c3afd2d11497f80"},
    {file = "yarl-1.8.2-cp310-cp310-win32.whl", hash = "sha256:b05df9ea7496df11b710081bd90ecc3a3db6adb4fee36f6a411e7bc91a18aa42"},
    {file = "yarl-1.8.2-cp310-cp310-win_amd64.whl", hash = "sha256:24ad1d10c9db1953291f56b5fe76203977f1ed05f82d09ec97acb623a7976574"},
    {file = "yarl-1.8.2-cp311-cp311-macosx_10_9_universal2.whl", hash = "sha256:2a1fca9588f360036242f379bfea2b8b44cae2721859b1c56d033adfd5893634"},
    {file = "yarl-1.8.2-cp311-cp311-macosx_10_9_x86_64.whl", hash = "sha256:f37db05c6051eff17bc832914fe46869f8849de5b92dc4a3466cd63095d23dfd"},
    {file = "yarl-1.8.2-cp311-cp311-macosx_11_0_arm64.whl", hash = "sha256:77e913b846a6b9c5f767b14dc1e759e5aff05502fe73079f6f4176359d832581"},
    {file = "yarl-1.8.2-cp311-cp311-manylinux_2_17_aarch64.manylinux2014_aarch64.whl", hash = "sha256:0978f29222e649c351b173da2b9b4665ad1feb8d1daa9d971eb90df08702668a"},
    {file = "yarl-1.8.2-cp311-cp311-manylinux_2_17_ppc64le.manylinux2014_ppc64le.whl", hash = "sha256:388a45dc77198b2460eac0aca1efd6a7c09e976ee768b0d5109173e521a19daf"},
    {file = "yarl-1.8.2-cp311-cp311-manylinux_2_17_s390x.manylinux2014_s390x.whl", hash = "sha256:2305517e332a862ef75be8fad3606ea10108662bc6fe08509d5ca99503ac2aee"},
    {file = "yarl-1.8.2-cp311-cp311-manylinux_2_17_x86_64.manylinux2014_x86_64.whl", hash = "sha256:42430ff511571940d51e75cf42f1e4dbdded477e71c1b7a17f4da76c1da8ea76"},
    {file = "yarl-1.8.2-cp311-cp311-manylinux_2_5_i686.manylinux1_i686.manylinux_2_17_i686.manylinux2014_i686.whl", hash = "sha256:3150078118f62371375e1e69b13b48288e44f6691c1069340081c3fd12c94d5b"},
    {file = "yarl-1.8.2-cp311-cp311-musllinux_1_1_aarch64.whl", hash = "sha256:c15163b6125db87c8f53c98baa5e785782078fbd2dbeaa04c6141935eb6dab7a"},
    {file = "yarl-1.8.2-cp311-cp311-musllinux_1_1_i686.whl", hash = "sha256:4d04acba75c72e6eb90745447d69f84e6c9056390f7a9724605ca9c56b4afcc6"},
    {file = "yarl-1.8.2-cp311-cp311-musllinux_1_1_ppc64le.whl", hash = "sha256:e7fd20d6576c10306dea2d6a5765f46f0ac5d6f53436217913e952d19237efc4"},
    {file = "yarl-1.8.2-cp311-cp311-musllinux_1_1_s390x.whl", hash = "sha256:75c16b2a900b3536dfc7014905a128a2bea8fb01f9ee26d2d7d8db0a08e7cb2c"},
    {file = "yarl-1.8.2-cp311-cp311-musllinux_1_1_x86_64.whl", hash = "sha256:6d88056a04860a98341a0cf53e950e3ac9f4e51d1b6f61a53b0609df342cc8b2"},
    {file = "yarl-1.8.2-cp311-cp311-win32.whl", hash = "sha256:fb742dcdd5eec9f26b61224c23baea46c9055cf16f62475e11b9b15dfd5c117b"},
    {file = "yarl-1.8.2-cp311-cp311-win_amd64.whl", hash = "sha256:8c46d3d89902c393a1d1e243ac847e0442d0196bbd81aecc94fcebbc2fd5857c"},
    {file = "yarl-1.8.2-cp39-cp39-macosx_10_9_universal2.whl", hash = "sha256:f8ca8ad414c85bbc50f49c0a106f951613dfa5f948ab69c10ce9b128d368baf8"},
    {file = "yarl-1.8.2-cp39-cp39-macosx_10_9_x86_64.whl", hash = "sha256:418857f837347e8aaef682679f41e36c24250097f9e2f315d39bae3a99a34cbf"},
    {file = "yarl-1.8.2-cp39-cp39-macosx_11_0_arm64.whl", hash = "sha256:ae0eec05ab49e91a78700761777f284c2df119376e391db42c38ab46fd662b77"},
    {file = "yarl-1.8.2-cp39-cp39-manylinux_2_17_aarch64.manylinux2014_aarch64.whl", hash = "sha256:009a028127e0a1755c38b03244c0bea9d5565630db9c4cf9572496e947137a87"},
    {file = "yarl-1.8.2-cp39-cp39-manylinux_2_17_ppc64le.manylinux2014_ppc64le.whl", hash = "sha256:3edac5d74bb3209c418805bda77f973117836e1de7c000e9755e572c1f7850d0"},
    {file = "yarl-1.8.2-cp39-cp39-manylinux_2_17_s390x.manylinux2014_s390x.whl", hash = "sha256:da65c3f263729e47351261351b8679c6429151ef9649bba08ef2528ff2c423b2"},
    {file = "yarl-1.8.2-cp39-cp39-manylinux_2_17_x86_64.manylinux2014_x86_64.whl", hash = "sha256:0ef8fb25e52663a1c85d608f6dd72e19bd390e2ecaf29c17fb08f730226e3a08"},
    {file = "yarl-1.8.2-cp39-cp39-manylinux_2_5_i686.manylinux1_i686.manylinux_2_17_i686.manylinux2014_i686.whl", hash = "sha256:bcd7bb1e5c45274af9a1dd7494d3c52b2be5e6bd8d7e49c612705fd45420b12d"},
    {file = "yarl-1.8.2-cp39-cp39-musllinux_1_1_aarch64.whl", hash = "sha256:44ceac0450e648de86da8e42674f9b7077d763ea80c8ceb9d1c3e41f0f0a9951"},
    {file = "yarl-1.8.2-cp39-cp39-musllinux_1_1_i686.whl", hash = "sha256:97209cc91189b48e7cfe777237c04af8e7cc51eb369004e061809bcdf4e55220"},
    {file = "yarl-1.8.2-cp39-cp39-musllinux_1_1_ppc64le.whl", hash = "sha256:48dd18adcf98ea9cd721a25313aef49d70d413a999d7d89df44f469edfb38a06"},
    {file = "yarl-1.8.2-cp39-cp39-musllinux_1_1_s390x.whl", hash = "sha256:e59399dda559688461762800d7fb34d9e8a6a7444fd76ec33220a926c8be1516"},
    {file = "yarl-1.8.2-cp39-cp39-musllinux_1_1_x86_64.whl", hash = "sha256:d617c241c8c3ad5c4e78a08429fa49e4b04bedfc507b34b4d8dceb83b4af3588"},
    {file = "yarl-1.8.2-cp39-cp39-win32.whl", hash = "sha256:cb6d48d80a41f68de41212f3dfd1a9d9898d7841c8f7ce6696cf2fd9cb57ef83"},
    {file = "yarl-1.8.2-cp39-cp39-win_amd64.whl", hash = "sha256:6604711362f2dbf7160df21c416f81fac0de6dbcf0b5445a2ef25478ecc4c778"},
    {file = "yarl-1.8.2.tar.gz", hash = "sha256:49d43402c6e3013ad0978602bf6bf5328535c48d192304b91b97a3c6790b1562"},
]

[[package]]
name = "zipp"
version = "3.11.0"
requires_python = ">=3.7"
summary = "Backport of pathlib-compatible object wrapper for zip files"
files = [
    {file = "zipp-3.11.0-py3-none-any.whl", hash = "sha256:83a28fcb75844b5c0cdaf5aa4003c2d728c77e05f5aeabe8e95e56727005fbaa"},
    {file = "zipp-3.11.0.tar.gz", hash = "sha256:a7a22e05929290a67401440b39690ae6563279bced5f314609d9d03798f56766"},
]
