# This file is @generated by PDM.
# It is not intended for manual editing.

[metadata]
groups = ["default", "dev"]
strategy = ["cross_platform"]
lock_version = "4.4.1"
content_hash = "sha256:250cbda5dc5128d07e8f5f0fc3291a7b4d6bd7dc2cfd153d5562f14c69617a94"

[[package]]
name = "arclet-alconna"
version = "1.8.19"
requires_python = ">=3.8"
summary = "A High-performance, Generality, Humane Command Line Arguments Parser Library."
dependencies = [
    "nepattern<1.0.0,>=0.7.3",
    "tarina>=0.5.0",
    "typing-extensions>=4.5.0",
]
files = [
    {file = "arclet_alconna-1.8.19-py3-none-any.whl", hash = "sha256:c78d5527d8ea13990e96f996a3480bf236ad63b81114f53ce2c010bc2a0ee1d8"},
    {file = "arclet_alconna-1.8.19.tar.gz", hash = "sha256:12064caad6854a4b00dc5b7376d86e15911072acd9278531bf86e4fb97568288"},
]

[[package]]
name = "arclet-alconna-tools"
version = "0.7.6"
requires_python = ">=3.8"
summary = "Builtin Tools for Alconna"
dependencies = [
    "arclet-alconna>=1.8.15",
    "nepattern<1.0.0,>=0.7.3",
]
files = [
    {file = "arclet_alconna_tools-0.7.6-py3-none-any.whl", hash = "sha256:fdd1cb900603ce6bb00295bf7bf7f60dfdb764f0614abe248cdcb754e5149edd"},
    {file = "arclet_alconna_tools-0.7.6.tar.gz", hash = "sha256:7cb7dc54c1c2198529c63227739423401051b8489374f1a7a3efa0c4e70b2a22"},
]

[[package]]
name = "avilla-core"
version = "1.0.0a26"
requires_python = ">=3.9"
summary = ""
dependencies = [
    "creart>=0.3.0",
    "graia-amnesia>=0.9.0",
    "graia-broadcast>=0.23.1",
    "launart>=0.8.2",
    "loguru>=0.6.0",
]
files = [
    {file = "avilla_core-1.0.0a26-py3-none-any.whl", hash = "sha256:a7098c24d227dce527d1be3803e85dbaa222d8ade62b614042e006ff6c097b55"},
    {file = "avilla_core-1.0.0a26.tar.gz", hash = "sha256:d18f38838d72198e0e58b2b455879856c161ee47887610708bed4bc8428a3cf9"},
]

[[package]]
name = "black"
version = "24.4.2"
requires_python = ">=3.8"
summary = "The uncompromising code formatter."
dependencies = [
    "click>=8.0.0",
    "mypy-extensions>=0.4.3",
    "packaging>=22.0",
    "pathspec>=0.9.0",
    "platformdirs>=2",
    "tomli>=1.1.0; python_version < \"3.11\"",
    "typing-extensions>=4.0.1; python_version < \"3.11\"",
]
files = [
    {file = "black-24.4.2-cp310-cp310-macosx_10_9_x86_64.whl", hash = "sha256:dd1b5a14e417189db4c7b64a6540f31730713d173f0b63e55fabd52d61d8fdce"},
    {file = "black-24.4.2-cp310-cp310-macosx_11_0_arm64.whl", hash = "sha256:8e537d281831ad0e71007dcdcbe50a71470b978c453fa41ce77186bbe0ed6021"},
    {file = "black-24.4.2-cp310-cp310-manylinux_2_17_x86_64.manylinux2014_x86_64.whl", hash = "sha256:eaea3008c281f1038edb473c1aa8ed8143a5535ff18f978a318f10302b254063"},
    {file = "black-24.4.2-cp310-cp310-win_amd64.whl", hash = "sha256:7768a0dbf16a39aa5e9a3ded568bb545c8c2727396d063bbaf847df05b08cd96"},
    {file = "black-24.4.2-cp311-cp311-macosx_10_9_x86_64.whl", hash = "sha256:257d724c2c9b1660f353b36c802ccece186a30accc7742c176d29c146df6e474"},
    {file = "black-24.4.2-cp311-cp311-macosx_11_0_arm64.whl", hash = "sha256:bdde6f877a18f24844e381d45e9947a49e97933573ac9d4345399be37621e26c"},
    {file = "black-24.4.2-cp311-cp311-manylinux_2_17_x86_64.manylinux2014_x86_64.whl", hash = "sha256:e151054aa00bad1f4e1f04919542885f89f5f7d086b8a59e5000e6c616896ffb"},
    {file = "black-24.4.2-cp311-cp311-win_amd64.whl", hash = "sha256:7e122b1c4fb252fd85df3ca93578732b4749d9be076593076ef4d07a0233c3e1"},
    {file = "black-24.4.2-cp312-cp312-macosx_10_9_x86_64.whl", hash = "sha256:accf49e151c8ed2c0cdc528691838afd217c50412534e876a19270fea1e28e2d"},
    {file = "black-24.4.2-cp312-cp312-macosx_11_0_arm64.whl", hash = "sha256:88c57dc656038f1ab9f92b3eb5335ee9b021412feaa46330d5eba4e51fe49b04"},
    {file = "black-24.4.2-cp312-cp312-manylinux_2_17_x86_64.manylinux2014_x86_64.whl", hash = "sha256:be8bef99eb46d5021bf053114442914baeb3649a89dc5f3a555c88737e5e98fc"},
    {file = "black-24.4.2-cp312-cp312-win_amd64.whl", hash = "sha256:415e686e87dbbe6f4cd5ef0fbf764af7b89f9057b97c908742b6008cc554b9c0"},
    {file = "black-24.4.2-cp39-cp39-macosx_10_9_x86_64.whl", hash = "sha256:37aae07b029fa0174d39daf02748b379399b909652a806e5708199bd93899da1"},
    {file = "black-24.4.2-cp39-cp39-macosx_11_0_arm64.whl", hash = "sha256:da33a1a5e49c4122ccdfd56cd021ff1ebc4a1ec4e2d01594fef9b6f267a9e741"},
    {file = "black-24.4.2-cp39-cp39-manylinux_2_17_x86_64.manylinux2014_x86_64.whl", hash = "sha256:ef703f83fc32e131e9bcc0a5094cfe85599e7109f896fe8bc96cc402f3eb4b6e"},
    {file = "black-24.4.2-cp39-cp39-win_amd64.whl", hash = "sha256:b9176b9832e84308818a99a561e90aa479e73c523b3f77afd07913380ae2eab7"},
    {file = "black-24.4.2-py3-none-any.whl", hash = "sha256:d36ed1124bb81b32f8614555b34cc4259c3fbc7eec17870e8ff8ded335b58d8c"},
    {file = "black-24.4.2.tar.gz", hash = "sha256:c872b53057f000085da66a19c55d68f6f8ddcac2642392ad3a355878406fbd4d"},
]

[[package]]
name = "click"
version = "8.1.7"
requires_python = ">=3.7"
summary = "Composable command line interface toolkit"
dependencies = [
    "colorama; platform_system == \"Windows\"",
]
files = [
    {file = "click-8.1.7-py3-none-any.whl", hash = "sha256:ae74fb96c20a0277a1d615f1e4d73c8414f5a98db8b799a7931d1582f3390c28"},
    {file = "click-8.1.7.tar.gz", hash = "sha256:ca9853ad459e787e2192211578cc907e7594e294c7ccc834310722b41b9ca6de"},
]

[[package]]
name = "colorama"
version = "0.4.6"
requires_python = "!=3.0.*,!=3.1.*,!=3.2.*,!=3.3.*,!=3.4.*,!=3.5.*,!=3.6.*,>=2.7"
summary = "Cross-platform colored terminal text."
files = [
    {file = "colorama-0.4.6-py2.py3-none-any.whl", hash = "sha256:4f1d9991f5acc0ca119f9d443620b77f9d6b33703e51011c16baf57afb285fc6"},
    {file = "colorama-0.4.6.tar.gz", hash = "sha256:08695f5cb7ed6e0531a20572697297273c47b8cae5a63ffc6d6ed5c201be6e44"},
]

[[package]]
name = "creart"
version = "0.3.0"
requires_python = ">=3.8"
summary = "a universal, extensible class instantiation helper"
dependencies = [
    "importlib-metadata>=3.6",
]
files = [
    {file = "creart-0.3.0-py3-none-any.whl", hash = "sha256:43074f6f59430f41b72d3c04ba4d268af0f32842fbc94bbda4b81ae464be0ee1"},
    {file = "creart-0.3.0.tar.gz", hash = "sha256:39fea77476d26d2bd5891aa3b5f16cab5567b37b855483e37f094ba005bf0d1f"},
]

[[package]]
name = "graia-amnesia"
version = "0.9.0"
requires_python = "<4.0,>=3.8"
summary = "a collection of shared components for graia"
dependencies = [
    "launart<1.0.0,>=0.7.0",
    "typing-extensions>=4.0.0",
]
files = [
    {file = "graia_amnesia-0.9.0-py3-none-any.whl", hash = "sha256:c78fd34e5955122575744a5b7d78fc636cee644e15eea543d68d07dfe12c6cf1"},
    {file = "graia_amnesia-0.9.0.tar.gz", hash = "sha256:0a211c35eb55449b0ecfcdb1793148a1c525205d465e8202c242ab8924fc1ee0"},
]

[[package]]
name = "graia-broadcast"
version = "0.23.5"
requires_python = "<4.0,>=3.8"
summary = "a highly customizable, elegantly designed event system based on asyncio"
dependencies = [
    "creart~=0.3.0",
]
files = [
    {file = "graia_broadcast-0.23.5-py3-none-any.whl", hash = "sha256:5f294d1e929a5664d3e0d11f7d82bca5ba6939c0a132a86a72f69c24221b20db"},
    {file = "graia_broadcast-0.23.5.tar.gz", hash = "sha256:4be8e7f00a177c734cec722f808d5fa9e8b157d2abe06c97f93cd7b3009af620"},
]

[[package]]
name = "graia-saya"
version = "0.0.19"
requires_python = "<4.0,>=3.8"
summary = "a modular implementation with modern design and injection"
dependencies = [
    "importlib-metadata~=6.8; python_version < \"3.10\"",
    "loguru<1.0,>=0.6.0",
]
files = [
    {file = "graia_saya-0.0.19-py3-none-any.whl", hash = "sha256:98780de650a01ddafbbbb4209250e1096022dd8c9d589241f9c24cf674fab758"},
    {file = "graia_saya-0.0.19.tar.gz", hash = "sha256:78211051b0a9e496f566cbad9c0d248edcdb31275835cf4ae1e6e0f611dc15cc"},
]

[[package]]
name = "importlib-metadata"
version = "6.11.0"
requires_python = ">=3.8"
summary = "Read metadata from Python packages"
dependencies = [
    "zipp>=0.5",
]
files = [
    {file = "importlib_metadata-6.11.0-py3-none-any.whl", hash = "sha256:f0afba6205ad8f8947c7d338b5342d5db2afbfd82f9cbef7879a9539cc12eb9b"},
    {file = "importlib_metadata-6.11.0.tar.gz", hash = "sha256:1231cf92d825c9e03cfc4da076a16de6422c863558229ea0b22b675657463443"},
]

[[package]]
name = "isort"
version = "5.13.2"
requires_python = ">=3.8.0"
summary = "A Python utility / library to sort Python imports."
files = [
    {file = "isort-5.13.2-py3-none-any.whl", hash = "sha256:8ca5e72a8d85860d5a3fa69b8745237f2939afe12dbf656afbcb47fe72d947a6"},
    {file = "isort-5.13.2.tar.gz", hash = "sha256:48fdfcb9face5d58a4f6dde2e72a1fb8dcaf8ab26f95ab49fab84c2ddefb0109"},
]

[[package]]
name = "launart"
version = "0.8.2"
requires_python = ">=3.8"
summary = "Component lifetime manager for runtime."
dependencies = [
    "creart>=0.3.0",
    "loguru>=0.6.0",
    "statv>=0.2.2",
]
files = [
    {file = "launart-0.8.2-py3-none-any.whl", hash = "sha256:081bcfdeb6db747cd96e479dae23c3c918ad4d570c4078a8adffcf81aeecea0c"},
    {file = "launart-0.8.2.tar.gz", hash = "sha256:b1ba35d79a7cb6e3cb09195ef3b7cdf47ecaefb7838020607a0c371e188cc96c"},
]

[[package]]
name = "loguru"
version = "0.6.0"
requires_python = ">=3.5"
summary = "Python logging made (stupidly) simple"
dependencies = [
    "colorama>=0.3.4; sys_platform == \"win32\"",
    "win32-setctime>=1.0.0; sys_platform == \"win32\"",
]
files = [
    {file = "loguru-0.6.0-py3-none-any.whl", hash = "sha256:4e2414d534a2ab57573365b3e6d0234dfb1d84b68b7f3b948e6fb743860a77c3"},
    {file = "loguru-0.6.0.tar.gz", hash = "sha256:066bd06758d0a513e9836fd9c6b5a75bfb3fd36841f4b996bc60b547a309d41c"},
]

[[package]]
name = "mypy-extensions"
version = "1.0.0"
requires_python = ">=3.5"
summary = "Type system extensions for programs checked with the mypy type checker."
files = [
    {file = "mypy_extensions-1.0.0-py3-none-any.whl", hash = "sha256:4392f6c0eb8a5668a69e23d168ffa70f0be9ccfd32b5cc2d26a34ae5b844552d"},
    {file = "mypy_extensions-1.0.0.tar.gz", hash = "sha256:75dbf8955dc00442a438fc4d0666508a9a97b6bd41aa2f0ffe9d2f2725af0782"},
]

[[package]]
name = "nepattern"
version = "0.7.6"
requires_python = ">=3.8"
summary = "a complex pattern, support typing"
dependencies = [
    "tarina>=0.5.1",
    "typing-extensions>=4.5.0",
]
files = [
    {file = "nepattern-0.7.6-py3-none-any.whl", hash = "sha256:233d0befecc190f228ded3651a85faaf53f1308bba40ab8ddec379d0d3c88051"},
    {file = "nepattern-0.7.6.tar.gz", hash = "sha256:07bd5b2f3b9b9739b703bf723ffd642ca93738a32df7b699d57d6f338d46bad0"},
]

[[package]]
name = "packaging"
version = "24.1"
requires_python = ">=3.8"
summary = "Core utilities for Python packages"
files = [
    {file = "packaging-24.1-py3-none-any.whl", hash = "sha256:5b8f2217dbdbd2f7f384c41c628544e6d52f2d0f53c6d0c3ea61aa5d1d7ff124"},
    {file = "packaging-24.1.tar.gz", hash = "sha256:026ed72c8ed3fcce5bf8950572258698927fd1dbda10a5e981cdf0ac37f4f002"},
]

[[package]]
name = "pathspec"
version = "0.12.1"
requires_python = ">=3.8"
summary = "Utility library for gitignore style pattern matching of file paths."
files = [
    {file = "pathspec-0.12.1-py3-none-any.whl", hash = "sha256:a0d503e138a4c123b27490a4f7beda6a01c6f288df0e4a8b79c7eb0dc7b4cc08"},
    {file = "pathspec-0.12.1.tar.gz", hash = "sha256:a482d51503a1ab33b1c67a6c3813a26953dbdc71c31dacaef9a838c4e29f5712"},
]

[[package]]
name = "platformdirs"
version = "4.2.2"
requires_python = ">=3.8"
summary = "A small Python package for determining appropriate platform-specific dirs, e.g. a `user data dir`."
files = [
    {file = "platformdirs-4.2.2-py3-none-any.whl", hash = "sha256:2d7a1657e36a80ea911db832a8a6ece5ee53d8de21edd5cc5879af6530b1bfee"},
    {file = "platformdirs-4.2.2.tar.gz", hash = "sha256:38b7b51f512eed9e84a22788b4bce1de17c0adb134d6becb09836e37d8654cd3"},
]

[[package]]
name = "statv"
version = "0.3.2"
requires_python = ">=3.8"
summary = "a uniform status implementation for graia project"
files = [
    {file = "statv-0.3.2-py3-none-any.whl", hash = "sha256:32e430b21ab6a62695c67ab6cae3dba6e01e9c3fdbc9344e3236ad7a1f51d0c7"},
    {file = "statv-0.3.2.tar.gz", hash = "sha256:fb4df2a37bf7a792e36a6e657c74cbdef9e2cdb8de3a0762b28b35c9e13f0fdd"},
]

[[package]]
name = "tarina"
version = "0.5.4"
requires_python = ">=3.8"
summary = "A collection of common utils for Arclet"
dependencies = [
    "typing-extensions>=4.4.0",
]
files = [
    {file = "tarina-0.5.4-cp310-cp310-macosx_10_9_universal2.whl", hash = "sha256:49f20a447866ecc831acc82f09dec01f77a0ca1f89b12fa27268bccd29378449"},
    {file = "tarina-0.5.4-cp310-cp310-macosx_10_9_x86_64.whl", hash = "sha256:5b24b5c07dc02c006d80930028e1c5f46945bf55effbeeaa426d5ac8f46eff88"},
    {file = "tarina-0.5.4-cp310-cp310-macosx_11_0_arm64.whl", hash = "sha256:ed8fe5a1df3b32e69f99f5ae6615dc8c2e34459c7e7f828bbeadefb4ecd4fe4f"},
    {file = "tarina-0.5.4-cp310-cp310-manylinux_2_5_i686.manylinux1_i686.manylinux_2_17_i686.manylinux2014_i686.whl", hash = "sha256:ab6fac674c408bff3161a27473951df8994b54fff406680814079c9c0b82f804"},
    {file = "tarina-0.5.4-cp310-cp310-manylinux_2_5_x86_64.manylinux1_x86_64.manylinux_2_17_x86_64.manylinux2014_x86_64.whl", hash = "sha256:dfabcce37425aaf5db604ad916c9b69350174afcdb98192c6dbf1fc0cda2183f"},
    {file = "tarina-0.5.4-cp310-cp310-musllinux_1_1_i686.whl", hash = "sha256:18900dc94388da4d322c56292cdab6a62da46d27ab5db30ed8809caab57c3502"},
    {file = "tarina-0.5.4-cp310-cp310-musllinux_1_1_x86_64.whl", hash = "sha256:7b3f8b69949c85bb3cf5b27985961ba0c26e4359a42352f7d5870f6d455f4890"},
    {file = "tarina-0.5.4-cp310-cp310-win32.whl", hash = "sha256:8e4389a6147460b6ea6a795f21a6348190ca2fe0eb95faafb3120bb0d4de7033"},
    {file = "tarina-0.5.4-cp310-cp310-win_amd64.whl", hash = "sha256:042bdbaac389334ab9c0851a5f1972dc9ed5c0387b4bcdee3ba1b2223aadb39f"},
    {file = "tarina-0.5.4-cp311-cp311-macosx_10_9_universal2.whl", hash = "sha256:08964a6daa02d992be4b4bf2ace99c94549350195a749198f2d422221e93cc9f"},
    {file = "tarina-0.5.4-cp311-cp311-macosx_10_9_x86_64.whl", hash = "sha256:f81635455a307d65440c20645923041c8815c50dfeac046b64b64fd7840b7c30"},
    {file = "tarina-0.5.4-cp311-cp311-macosx_11_0_arm64.whl", hash = "sha256:f20ce1ecc06362bbfd7ca30b1dc19c3a049f69b7dc6061df95a0bf93ce627055"},
    {file = "tarina-0.5.4-cp311-cp311-manylinux_2_5_i686.manylinux1_i686.manylinux_2_17_i686.manylinux2014_i686.whl", hash = "sha256:539d239b35af0052be9cc7eeb3675c84b02a4b98c3d8ec51dbe7db2e9e5da92a"},
    {file = "tarina-0.5.4-cp311-cp311-manylinux_2_5_x86_64.manylinux1_x86_64.manylinux_2_17_x86_64.manylinux2014_x86_64.whl", hash = "sha256:810d8e9da2d450cdd93ac9a11af1ff02b6c9a305aa477cbada0d397c5b0b64e3"},
    {file = "tarina-0.5.4-cp311-cp311-musllinux_1_1_i686.whl", hash = "sha256:15a2ac416e972b0318c53f20c3478d77fb770dfa9ab25ab43aa8975886ecb160"},
    {file = "tarina-0.5.4-cp311-cp311-musllinux_1_1_x86_64.whl", hash = "sha256:af522dc1ad30d7bcbbf9384f4f3aede3bebd7cecfc7127148ae0d12bd69b65d9"},
    {file = "tarina-0.5.4-cp311-cp311-win32.whl", hash = "sha256:781b1df4250e8f8f0b7902f3b7952135cbf43284e2cf490f57b738160d74b56f"},
    {file = "tarina-0.5.4-cp311-cp311-win_amd64.whl", hash = "sha256:9d32bab544e7c74e56958b0ebcd430a80194492ca6e98ed2f6217708fabc4027"},
    {file = "tarina-0.5.4-cp312-cp312-macosx_10_9_universal2.whl", hash = "sha256:95b1504e4241a28fe75fa0995ebfed1dad140381ad72541e5b69428c84d16735"},
    {file = "tarina-0.5.4-cp312-cp312-macosx_10_9_x86_64.whl", hash = "sha256:9bbaefb3a627fcefc868d455cdc5d42297ba48369651821b04d8c8836307c39f"},
    {file = "tarina-0.5.4-cp312-cp312-macosx_11_0_arm64.whl", hash = "sha256:7cfec7c6a725bebb46b4e4a8ed64523c6deeae94dba1d3102b866c0247a32cdb"},
    {file = "tarina-0.5.4-cp312-cp312-manylinux_2_5_i686.manylinux1_i686.manylinux_2_17_i686.manylinux2014_i686.whl", hash = "sha256:fccfd98ca925ec3597ca88f359f608f7762ad13a14dffcb17742b1e78e071306"},
    {file = "tarina-0.5.4-cp312-cp312-manylinux_2_5_x86_64.manylinux1_x86_64.manylinux_2_17_x86_64.manylinux2014_x86_64.whl", hash = "sha256:bef0dfa5007f5138f48cbb9c2ef9564579def00b75caf47ebf53d32db7bf4044"},
    {file = "tarina-0.5.4-cp312-cp312-musllinux_1_1_i686.whl", hash = "sha256:8e6e2f0580d8dd956f92313ff51760df6893cd16fc009cdc2607130463d08bbb"},
    {file = "tarina-0.5.4-cp312-cp312-musllinux_1_1_x86_64.whl", hash = "sha256:82f09edcf58b2e02622b173822c31c0ad5685f3e36667bd9de751f8c16b5305f"},
    {file = "tarina-0.5.4-cp312-cp312-win32.whl", hash = "sha256:b56956862d70f0383973d8413ed0fca9623e930acea0d7bf11a67c79714b869f"},
    {file = "tarina-0.5.4-cp312-cp312-win_amd64.whl", hash = "sha256:3ee6dafc31cceae46634314db0b547052790015abaec433ff39fef5bf5b3f0f6"},
    {file = "tarina-0.5.4-cp39-cp39-macosx_10_9_universal2.whl", hash = "sha256:aa01c6032226f996286d60bd7b3bfb95565e9288e89b64208649b584386cfd9e"},
    {file = "tarina-0.5.4-cp39-cp39-macosx_10_9_x86_64.whl", hash = "sha256:4c93781dfcf0c95c7e12c29fa788a32898aa090ba26bef9b1c970412b8cb7f59"},
    {file = "tarina-0.5.4-cp39-cp39-macosx_11_0_arm64.whl", hash = "sha256:b61ab72169c2289001a047694dbf6e0e73ed0b1c5405f65651b2500190928d43"},
    {file = "tarina-0.5.4-cp39-cp39-manylinux_2_5_i686.manylinux1_i686.manylinux_2_17_i686.manylinux2014_i686.whl", hash = "sha256:e3b9ee386d0a8558c9270ae2f4fd33ff2394482705a2849646aad3df870cf754"},
    {file = "tarina-0.5.4-cp39-cp39-manylinux_2_5_x86_64.manylinux1_x86_64.manylinux_2_17_x86_64.manylinux2014_x86_64.whl", hash = "sha256:17d6937a4911e5b7bf1f5a4bcc466e2cce3b1576eb6462459e568668f63a073f"},
    {file = "tarina-0.5.4-cp39-cp39-musllinux_1_1_i686.whl", hash = "sha256:d4d332b30374b2d8fec2852d6af77f121c0fb026c48593cebdfbed6d49c2b260"},
    {file = "tarina-0.5.4-cp39-cp39-musllinux_1_1_x86_64.whl", hash = "sha256:077b99101ee19699c8791f2630ed7c40c592e5d75ab309a042f5303d89f382c6"},
    {file = "tarina-0.5.4-cp39-cp39-win32.whl", hash = "sha256:a553a8790215ecd6f1af2616769012f16e28eaae0b805ddc780fe543ec2a6a4b"},
    {file = "tarina-0.5.4-cp39-cp39-win_amd64.whl", hash = "sha256:5c75b66d011cb7dd78149bf3911a78eaa96885dab4477fd4a96613349411f378"},
    {file = "tarina-0.5.4-py3-none-any.whl", hash = "sha256:1aa7d5c00e4bb6a35c5fd21bcbc536670df755922cd49bd9076a024fea191ade"},
    {file = "tarina-0.5.4.tar.gz", hash = "sha256:5d192a50d47b22ae8ca79e50ee760f171e563135eb04dc834a9b254211dbf32e"},
]

[[package]]
name = "tomli"
version = "2.0.1"
requires_python = ">=3.7"
summary = "A lil' TOML parser"
files = [
    {file = "tomli-2.0.1-py3-none-any.whl", hash = "sha256:939de3e7a6161af0c887ef91b7d41a53e7c5a1ca976325f429cb46ea9bc30ecc"},
    {file = "tomli-2.0.1.tar.gz", hash = "sha256:de526c12914f0c550d15924c62d72abc48d6fe7364aa87328337a31007fe8a4f"},
]

[[package]]
name = "typing-extensions"
version = "4.7.1"
requires_python = ">=3.7"
summary = "Backported and Experimental Type Hints for Python 3.7+"
files = [
    {file = "typing_extensions-4.7.1-py3-none-any.whl", hash = "sha256:440d5dd3af93b060174bf433bccd69b0babc3b15b1a8dca43789fd7f61514b36"},
    {file = "typing_extensions-4.7.1.tar.gz", hash = "sha256:b75ddc264f0ba5615db7ba217daeb99701ad295353c45f9e95963337ceeeffb2"},
]

[[package]]
name = "win32-setctime"
version = "1.1.0"
requires_python = ">=3.5"
summary = "A small Python utility to set file creation time on Windows"
files = [
    {file = "win32_setctime-1.1.0-py3-none-any.whl", hash = "sha256:231db239e959c2fe7eb1d7dc129f11172354f98361c4fa2d6d2d7e278baa8aad"},
    {file = "win32_setctime-1.1.0.tar.gz", hash = "sha256:15cf5750465118d6929ae4de4eb46e8edae9a5634350c01ba582df868e932cb2"},
]

[[package]]
name = "zipp"
version = "3.11.0"
requires_python = ">=3.7"
summary = "Backport of pathlib-compatible object wrapper for zip files"
files = [
    {file = "zipp-3.11.0-py3-none-any.whl", hash = "sha256:83a28fcb75844b5c0cdaf5aa4003c2d728c77e05f5aeabe8e95e56727005fbaa"},
    {file = "zipp-3.11.0.tar.gz", hash = "sha256:a7a22e05929290a67401440b39690ae6563279bced5f314609d9d03798f56766"},
]
